// !$*UTF8*$!
{
	archiveVersion = 1;
	classes = {
	};
	objectVersion = 50;
	objects = {

/* Begin PBXBuildFile section */
		0768441725F3AC3E09B63FF8 /* Pods_RxSwiftVenezuela_Tests_RxSwiftVenezuelaUITests.framework in Frameworks */ = {isa = PBXBuildFile; fileRef = D8BDDF8CADC5B40E0FCED76F /* Pods_RxSwiftVenezuela_Tests_RxSwiftVenezuelaUITests.framework */; };
		8090F66DE5A0CB614021708C /* Pods_RxSwiftVenezuela.framework in Frameworks */ = {isa = PBXBuildFile; fileRef = CA338D99ED33C1AE0C0301AB /* Pods_RxSwiftVenezuela.framework */; };
		891C26031DCE6BC4A5FD1A61 /* Pods_RxSwiftVenezuela_Tests_RxSwiftVenezuelaTests.framework in Frameworks */ = {isa = PBXBuildFile; fileRef = 5206727A3B0CF4422C47FD47 /* Pods_RxSwiftVenezuela_Tests_RxSwiftVenezuelaTests.framework */; };
		957798BD21627547003ECB02 /* AppDelegate.swift in Sources */ = {isa = PBXBuildFile; fileRef = 957798BC21627547003ECB02 /* AppDelegate.swift */; };
		957798BF21627547003ECB02 /* ViewController.swift in Sources */ = {isa = PBXBuildFile; fileRef = 957798BE21627547003ECB02 /* ViewController.swift */; };
		957798C221627547003ECB02 /* Main.storyboard in Resources */ = {isa = PBXBuildFile; fileRef = 957798C021627547003ECB02 /* Main.storyboard */; };
		957798C421627548003ECB02 /* Assets.xcassets in Resources */ = {isa = PBXBuildFile; fileRef = 957798C321627548003ECB02 /* Assets.xcassets */; };
		957798C721627548003ECB02 /* LaunchScreen.storyboard in Resources */ = {isa = PBXBuildFile; fileRef = 957798C521627548003ECB02 /* LaunchScreen.storyboard */; };
		957798D221627548003ECB02 /* RxSwiftVenezuelaTests.swift in Sources */ = {isa = PBXBuildFile; fileRef = 957798D121627548003ECB02 /* RxSwiftVenezuelaTests.swift */; };
		957798DD21627548003ECB02 /* RxSwiftVenezuelaUITests.swift in Sources */ = {isa = PBXBuildFile; fileRef = 957798DC21627548003ECB02 /* RxSwiftVenezuelaUITests.swift */; };
		BEF46FF9E641A07746A7A03D /* Pods_RxSwiftVenezuelaUITests.framework in Frameworks */ = {isa = PBXBuildFile; fileRef = CDFB0F29128C76E788BE0615 /* Pods_RxSwiftVenezuelaUITests.framework */; };
		EC3B25074325D8541FF9466F /* Pods_RxSwiftVenezuelaTests.framework in Frameworks */ = {isa = PBXBuildFile; fileRef = 956267894EAE2F180C492698 /* Pods_RxSwiftVenezuelaTests.framework */; };
/* End PBXBuildFile section */

/* Begin PBXContainerItemProxy section */
		957798CE21627548003ECB02 /* PBXContainerItemProxy */ = {
			isa = PBXContainerItemProxy;
			containerPortal = 957798B121627547003ECB02 /* Project object */;
			proxyType = 1;
			remoteGlobalIDString = 957798B821627547003ECB02;
			remoteInfo = RxSwiftVenezuela;
		};
		957798D921627548003ECB02 /* PBXContainerItemProxy */ = {
			isa = PBXContainerItemProxy;
			containerPortal = 957798B121627547003ECB02 /* Project object */;
			proxyType = 1;
			remoteGlobalIDString = 957798B821627547003ECB02;
			remoteInfo = RxSwiftVenezuela;
		};
/* End PBXContainerItemProxy section */

/* Begin PBXFileReference section */
		116D89DF21D44E20366CB78C /* Pods-RxSwiftVenezuela-Tests-RxSwiftVenezuelaTests.debug.xcconfig */ = {isa = PBXFileReference; includeInIndex = 1; lastKnownFileType = text.xcconfig; name = "Pods-RxSwiftVenezuela-Tests-RxSwiftVenezuelaTests.debug.xcconfig"; path = "Pods/Target Support Files/Pods-RxSwiftVenezuela-Tests-RxSwiftVenezuelaTests/Pods-RxSwiftVenezuela-Tests-RxSwiftVenezuelaTests.debug.xcconfig"; sourceTree = "<group>"; };
		38D7DEE02DAC964EBE9C740D /* Pods-RxSwiftVenezuela-Tests-RxSwiftVenezuelaUITests.debug.xcconfig */ = {isa = PBXFileReference; includeInIndex = 1; lastKnownFileType = text.xcconfig; name = "Pods-RxSwiftVenezuela-Tests-RxSwiftVenezuelaUITests.debug.xcconfig"; path = "Pods/Target Support Files/Pods-RxSwiftVenezuela-Tests-RxSwiftVenezuelaUITests/Pods-RxSwiftVenezuela-Tests-RxSwiftVenezuelaUITests.debug.xcconfig"; sourceTree = "<group>"; };
		5206727A3B0CF4422C47FD47 /* Pods_RxSwiftVenezuela_Tests_RxSwiftVenezuelaTests.framework */ = {isa = PBXFileReference; explicitFileType = wrapper.framework; includeInIndex = 0; path = Pods_RxSwiftVenezuela_Tests_RxSwiftVenezuelaTests.framework; sourceTree = BUILT_PRODUCTS_DIR; };
		56B83243610189795FA2D746 /* Pods-RxSwiftVenezuela-Tests-RxSwiftVenezuelaUITests.release.xcconfig */ = {isa = PBXFileReference; includeInIndex = 1; lastKnownFileType = text.xcconfig; name = "Pods-RxSwiftVenezuela-Tests-RxSwiftVenezuelaUITests.release.xcconfig"; path = "Pods/Target Support Files/Pods-RxSwiftVenezuela-Tests-RxSwiftVenezuelaUITests/Pods-RxSwiftVenezuela-Tests-RxSwiftVenezuelaUITests.release.xcconfig"; sourceTree = "<group>"; };
		59508F56769FC02C85150E89 /* Pods-RxSwiftVenezuela-Tests-RxSwiftVenezuelaTests.release.xcconfig */ = {isa = PBXFileReference; includeInIndex = 1; lastKnownFileType = text.xcconfig; name = "Pods-RxSwiftVenezuela-Tests-RxSwiftVenezuelaTests.release.xcconfig"; path = "Pods/Target Support Files/Pods-RxSwiftVenezuela-Tests-RxSwiftVenezuelaTests/Pods-RxSwiftVenezuela-Tests-RxSwiftVenezuelaTests.release.xcconfig"; sourceTree = "<group>"; };
		956267894EAE2F180C492698 /* Pods_RxSwiftVenezuelaTests.framework */ = {isa = PBXFileReference; explicitFileType = wrapper.framework; includeInIndex = 0; path = Pods_RxSwiftVenezuelaTests.framework; sourceTree = BUILT_PRODUCTS_DIR; };
		957798B921627547003ECB02 /* RxSwiftVenezuela.app */ = {isa = PBXFileReference; explicitFileType = wrapper.application; includeInIndex = 0; path = RxSwiftVenezuela.app; sourceTree = BUILT_PRODUCTS_DIR; };
		957798BC21627547003ECB02 /* AppDelegate.swift */ = {isa = PBXFileReference; lastKnownFileType = sourcecode.swift; path = AppDelegate.swift; sourceTree = "<group>"; };
		957798BE21627547003ECB02 /* ViewController.swift */ = {isa = PBXFileReference; lastKnownFileType = sourcecode.swift; path = ViewController.swift; sourceTree = "<group>"; };
		957798C121627547003ECB02 /* Base */ = {isa = PBXFileReference; lastKnownFileType = file.storyboard; name = Base; path = Base.lproj/Main.storyboard; sourceTree = "<group>"; };
		957798C321627548003ECB02 /* Assets.xcassets */ = {isa = PBXFileReference; lastKnownFileType = folder.assetcatalog; path = Assets.xcassets; sourceTree = "<group>"; };
		957798C621627548003ECB02 /* Base */ = {isa = PBXFileReference; lastKnownFileType = file.storyboard; name = Base; path = Base.lproj/LaunchScreen.storyboard; sourceTree = "<group>"; };
		957798C821627548003ECB02 /* Info.plist */ = {isa = PBXFileReference; lastKnownFileType = text.plist.xml; path = Info.plist; sourceTree = "<group>"; };
		957798CD21627548003ECB02 /* RxSwiftVenezuelaTests.xctest */ = {isa = PBXFileReference; explicitFileType = wrapper.cfbundle; includeInIndex = 0; path = RxSwiftVenezuelaTests.xctest; sourceTree = BUILT_PRODUCTS_DIR; };
		957798D121627548003ECB02 /* RxSwiftVenezuelaTests.swift */ = {isa = PBXFileReference; lastKnownFileType = sourcecode.swift; path = RxSwiftVenezuelaTests.swift; sourceTree = "<group>"; };
		957798D321627548003ECB02 /* Info.plist */ = {isa = PBXFileReference; lastKnownFileType = text.plist.xml; path = Info.plist; sourceTree = "<group>"; };
		957798D821627548003ECB02 /* RxSwiftVenezuelaUITests.xctest */ = {isa = PBXFileReference; explicitFileType = wrapper.cfbundle; includeInIndex = 0; path = RxSwiftVenezuelaUITests.xctest; sourceTree = BUILT_PRODUCTS_DIR; };
		957798DC21627548003ECB02 /* RxSwiftVenezuelaUITests.swift */ = {isa = PBXFileReference; lastKnownFileType = sourcecode.swift; path = RxSwiftVenezuelaUITests.swift; sourceTree = "<group>"; };
		957798DE21627548003ECB02 /* Info.plist */ = {isa = PBXFileReference; lastKnownFileType = text.plist.xml; path = Info.plist; sourceTree = "<group>"; };
		ABE1DD1E02158482B8AF3F6F /* Pods-RxSwiftVenezuelaUITests.debug.xcconfig */ = {isa = PBXFileReference; includeInIndex = 1; lastKnownFileType = text.xcconfig; name = "Pods-RxSwiftVenezuelaUITests.debug.xcconfig"; path = "Pods/Target Support Files/Pods-RxSwiftVenezuelaUITests/Pods-RxSwiftVenezuelaUITests.debug.xcconfig"; sourceTree = "<group>"; };
		C720AF60FCFBEA125C528DB8 /* Pods-RxSwiftVenezuelaUITests.release.xcconfig */ = {isa = PBXFileReference; includeInIndex = 1; lastKnownFileType = text.xcconfig; name = "Pods-RxSwiftVenezuelaUITests.release.xcconfig"; path = "Pods/Target Support Files/Pods-RxSwiftVenezuelaUITests/Pods-RxSwiftVenezuelaUITests.release.xcconfig"; sourceTree = "<group>"; };
		CA338D99ED33C1AE0C0301AB /* Pods_RxSwiftVenezuela.framework */ = {isa = PBXFileReference; explicitFileType = wrapper.framework; includeInIndex = 0; path = Pods_RxSwiftVenezuela.framework; sourceTree = BUILT_PRODUCTS_DIR; };
		CCE290DED50F2B74BC0325A3 /* Pods-RxSwiftVenezuelaTests.debug.xcconfig */ = {isa = PBXFileReference; includeInIndex = 1; lastKnownFileType = text.xcconfig; name = "Pods-RxSwiftVenezuelaTests.debug.xcconfig"; path = "Pods/Target Support Files/Pods-RxSwiftVenezuelaTests/Pods-RxSwiftVenezuelaTests.debug.xcconfig"; sourceTree = "<group>"; };
		CDFB0F29128C76E788BE0615 /* Pods_RxSwiftVenezuelaUITests.framework */ = {isa = PBXFileReference; explicitFileType = wrapper.framework; includeInIndex = 0; path = Pods_RxSwiftVenezuelaUITests.framework; sourceTree = BUILT_PRODUCTS_DIR; };
		D8BDDF8CADC5B40E0FCED76F /* Pods_RxSwiftVenezuela_Tests_RxSwiftVenezuelaUITests.framework */ = {isa = PBXFileReference; explicitFileType = wrapper.framework; includeInIndex = 0; path = Pods_RxSwiftVenezuela_Tests_RxSwiftVenezuelaUITests.framework; sourceTree = BUILT_PRODUCTS_DIR; };
		F75918F478BFCB5BD96B4F27 /* Pods-RxSwiftVenezuela.debug.xcconfig */ = {isa = PBXFileReference; includeInIndex = 1; lastKnownFileType = text.xcconfig; name = "Pods-RxSwiftVenezuela.debug.xcconfig"; path = "Pods/Target Support Files/Pods-RxSwiftVenezuela/Pods-RxSwiftVenezuela.debug.xcconfig"; sourceTree = "<group>"; };
		F9904338CDF2B20774D27753 /* Pods-RxSwiftVenezuelaTests.release.xcconfig */ = {isa = PBXFileReference; includeInIndex = 1; lastKnownFileType = text.xcconfig; name = "Pods-RxSwiftVenezuelaTests.release.xcconfig"; path = "Pods/Target Support Files/Pods-RxSwiftVenezuelaTests/Pods-RxSwiftVenezuelaTests.release.xcconfig"; sourceTree = "<group>"; };
		FC6CDB88F2E3D6FB25A4652E /* Pods-RxSwiftVenezuela.release.xcconfig */ = {isa = PBXFileReference; includeInIndex = 1; lastKnownFileType = text.xcconfig; name = "Pods-RxSwiftVenezuela.release.xcconfig"; path = "Pods/Target Support Files/Pods-RxSwiftVenezuela/Pods-RxSwiftVenezuela.release.xcconfig"; sourceTree = "<group>"; };
/* End PBXFileReference section */

/* Begin PBXFrameworksBuildPhase section */
		957798B621627547003ECB02 /* Frameworks */ = {
			isa = PBXFrameworksBuildPhase;
			buildActionMask = 2147483647;
			files = (
				8090F66DE5A0CB614021708C /* Pods_RxSwiftVenezuela.framework in Frameworks */,
			);
			runOnlyForDeploymentPostprocessing = 0;
		};
		957798CA21627548003ECB02 /* Frameworks */ = {
			isa = PBXFrameworksBuildPhase;
			buildActionMask = 2147483647;
			files = (
				EC3B25074325D8541FF9466F /* Pods_RxSwiftVenezuelaTests.framework in Frameworks */,
				891C26031DCE6BC4A5FD1A61 /* Pods_RxSwiftVenezuela_Tests_RxSwiftVenezuelaTests.framework in Frameworks */,
			);
			runOnlyForDeploymentPostprocessing = 0;
		};
		957798D521627548003ECB02 /* Frameworks */ = {
			isa = PBXFrameworksBuildPhase;
			buildActionMask = 2147483647;
			files = (
				BEF46FF9E641A07746A7A03D /* Pods_RxSwiftVenezuelaUITests.framework in Frameworks */,
				0768441725F3AC3E09B63FF8 /* Pods_RxSwiftVenezuela_Tests_RxSwiftVenezuelaUITests.framework in Frameworks */,
			);
			runOnlyForDeploymentPostprocessing = 0;
		};
/* End PBXFrameworksBuildPhase section */

/* Begin PBXGroup section */
		2425B771D0814BCB220D8D16 /* Pods */ = {
			isa = PBXGroup;
			children = (
				F75918F478BFCB5BD96B4F27 /* Pods-RxSwiftVenezuela.debug.xcconfig */,
				FC6CDB88F2E3D6FB25A4652E /* Pods-RxSwiftVenezuela.release.xcconfig */,
				CCE290DED50F2B74BC0325A3 /* Pods-RxSwiftVenezuelaTests.debug.xcconfig */,
				F9904338CDF2B20774D27753 /* Pods-RxSwiftVenezuelaTests.release.xcconfig */,
				ABE1DD1E02158482B8AF3F6F /* Pods-RxSwiftVenezuelaUITests.debug.xcconfig */,
				C720AF60FCFBEA125C528DB8 /* Pods-RxSwiftVenezuelaUITests.release.xcconfig */,
				116D89DF21D44E20366CB78C /* Pods-RxSwiftVenezuela-Tests-RxSwiftVenezuelaTests.debug.xcconfig */,
				59508F56769FC02C85150E89 /* Pods-RxSwiftVenezuela-Tests-RxSwiftVenezuelaTests.release.xcconfig */,
				38D7DEE02DAC964EBE9C740D /* Pods-RxSwiftVenezuela-Tests-RxSwiftVenezuelaUITests.debug.xcconfig */,
				56B83243610189795FA2D746 /* Pods-RxSwiftVenezuela-Tests-RxSwiftVenezuelaUITests.release.xcconfig */,
			);
			name = Pods;
			sourceTree = "<group>";
		};
		957798B021627547003ECB02 = {
			isa = PBXGroup;
			children = (
				957798BB21627547003ECB02 /* RxSwiftVenezuela */,
				957798D021627548003ECB02 /* RxSwiftVenezuelaTests */,
				957798DB21627548003ECB02 /* RxSwiftVenezuelaUITests */,
				957798BA21627547003ECB02 /* Products */,
				2425B771D0814BCB220D8D16 /* Pods */,
				E109643291ADBA6AE4F693C8 /* Frameworks */,
			);
			sourceTree = "<group>";
		};
		957798BA21627547003ECB02 /* Products */ = {
			isa = PBXGroup;
			children = (
				957798B921627547003ECB02 /* RxSwiftVenezuela.app */,
				957798CD21627548003ECB02 /* RxSwiftVenezuelaTests.xctest */,
				957798D821627548003ECB02 /* RxSwiftVenezuelaUITests.xctest */,
			);
			name = Products;
			sourceTree = "<group>";
		};
		957798BB21627547003ECB02 /* RxSwiftVenezuela */ = {
			isa = PBXGroup;
			children = (
				957798BC21627547003ECB02 /* AppDelegate.swift */,
				957798BE21627547003ECB02 /* ViewController.swift */,
				957798C021627547003ECB02 /* Main.storyboard */,
				957798C321627548003ECB02 /* Assets.xcassets */,
				957798C521627548003ECB02 /* LaunchScreen.storyboard */,
				957798C821627548003ECB02 /* Info.plist */,
			);
			path = RxSwiftVenezuela;
			sourceTree = "<group>";
		};
		957798D021627548003ECB02 /* RxSwiftVenezuelaTests */ = {
			isa = PBXGroup;
			children = (
				957798D121627548003ECB02 /* RxSwiftVenezuelaTests.swift */,
				957798D321627548003ECB02 /* Info.plist */,
			);
			path = RxSwiftVenezuelaTests;
			sourceTree = "<group>";
		};
		957798DB21627548003ECB02 /* RxSwiftVenezuelaUITests */ = {
			isa = PBXGroup;
			children = (
				957798DC21627548003ECB02 /* RxSwiftVenezuelaUITests.swift */,
				957798DE21627548003ECB02 /* Info.plist */,
			);
			path = RxSwiftVenezuelaUITests;
			sourceTree = "<group>";
		};
		E109643291ADBA6AE4F693C8 /* Frameworks */ = {
			isa = PBXGroup;
			children = (
				CA338D99ED33C1AE0C0301AB /* Pods_RxSwiftVenezuela.framework */,
				956267894EAE2F180C492698 /* Pods_RxSwiftVenezuelaTests.framework */,
				CDFB0F29128C76E788BE0615 /* Pods_RxSwiftVenezuelaUITests.framework */,
				5206727A3B0CF4422C47FD47 /* Pods_RxSwiftVenezuela_Tests_RxSwiftVenezuelaTests.framework */,
				D8BDDF8CADC5B40E0FCED76F /* Pods_RxSwiftVenezuela_Tests_RxSwiftVenezuelaUITests.framework */,
			);
			name = Frameworks;
			sourceTree = "<group>";
		};
/* End PBXGroup section */

/* Begin PBXNativeTarget section */
		957798B821627547003ECB02 /* RxSwiftVenezuela */ = {
			isa = PBXNativeTarget;
			buildConfigurationList = 957798E121627548003ECB02 /* Build configuration list for PBXNativeTarget "RxSwiftVenezuela" */;
			buildPhases = (
				DA1AE2E21C553555BD374549 /* [CP] Check Pods Manifest.lock */,
				957798B521627547003ECB02 /* Sources */,
				957798B621627547003ECB02 /* Frameworks */,
				957798B721627547003ECB02 /* Resources */,
				957798EB21627D59003ECB02 /* Swift Lint */,
			);
			buildRules = (
			);
			dependencies = (
			);
			name = RxSwiftVenezuela;
			productName = RxSwiftVenezuela;
			productReference = 957798B921627547003ECB02 /* RxSwiftVenezuela.app */;
			productType = "com.apple.product-type.application";
		};
		957798CC21627548003ECB02 /* RxSwiftVenezuelaTests */ = {
			isa = PBXNativeTarget;
			buildConfigurationList = 957798E421627548003ECB02 /* Build configuration list for PBXNativeTarget "RxSwiftVenezuelaTests" */;
			buildPhases = (
				FE02D2389A3C486C5C81B87B /* [CP] Check Pods Manifest.lock */,
				957798C921627548003ECB02 /* Sources */,
				957798CA21627548003ECB02 /* Frameworks */,
				957798CB21627548003ECB02 /* Resources */,
			);
			buildRules = (
			);
			dependencies = (
				957798CF21627548003ECB02 /* PBXTargetDependency */,
			);
			name = RxSwiftVenezuelaTests;
			productName = RxSwiftVenezuelaTests;
			productReference = 957798CD21627548003ECB02 /* RxSwiftVenezuelaTests.xctest */;
			productType = "com.apple.product-type.bundle.unit-test";
		};
		957798D721627548003ECB02 /* RxSwiftVenezuelaUITests */ = {
			isa = PBXNativeTarget;
			buildConfigurationList = 957798E721627548003ECB02 /* Build configuration list for PBXNativeTarget "RxSwiftVenezuelaUITests" */;
			buildPhases = (
				EAB20C7B206B5A1D7F785DE2 /* [CP] Check Pods Manifest.lock */,
				957798D421627548003ECB02 /* Sources */,
				957798D521627548003ECB02 /* Frameworks */,
				957798D621627548003ECB02 /* Resources */,
			);
			buildRules = (
			);
			dependencies = (
				957798DA21627548003ECB02 /* PBXTargetDependency */,
			);
			name = RxSwiftVenezuelaUITests;
			productName = RxSwiftVenezuelaUITests;
			productReference = 957798D821627548003ECB02 /* RxSwiftVenezuelaUITests.xctest */;
			productType = "com.apple.product-type.bundle.ui-testing";
		};
/* End PBXNativeTarget section */

/* Begin PBXProject section */
		957798B121627547003ECB02 /* Project object */ = {
			isa = PBXProject;
			attributes = {
				LastSwiftUpdateCheck = 1000;
				LastUpgradeCheck = 1000;
				ORGANIZATIONNAME = "Ernesto Colmenarez";
				TargetAttributes = {
					957798B821627547003ECB02 = {
						CreatedOnToolsVersion = 10.0;
					};
					957798CC21627548003ECB02 = {
						CreatedOnToolsVersion = 10.0;
						TestTargetID = 957798B821627547003ECB02;
					};
					957798D721627548003ECB02 = {
						CreatedOnToolsVersion = 10.0;
						TestTargetID = 957798B821627547003ECB02;
					};
				};
			};
			buildConfigurationList = 957798B421627547003ECB02 /* Build configuration list for PBXProject "RxSwiftVenezuela" */;
			compatibilityVersion = "Xcode 9.3";
			developmentRegion = en;
			hasScannedForEncodings = 0;
			knownRegions = (
				en,
				Base,
			);
			mainGroup = 957798B021627547003ECB02;
			productRefGroup = 957798BA21627547003ECB02 /* Products */;
			projectDirPath = "";
			projectRoot = "";
			targets = (
				957798B821627547003ECB02 /* RxSwiftVenezuela */,
				957798CC21627548003ECB02 /* RxSwiftVenezuelaTests */,
				957798D721627548003ECB02 /* RxSwiftVenezuelaUITests */,
			);
		};
/* End PBXProject section */

/* Begin PBXResourcesBuildPhase section */
		957798B721627547003ECB02 /* Resources */ = {
			isa = PBXResourcesBuildPhase;
			buildActionMask = 2147483647;
			files = (
				957798C721627548003ECB02 /* LaunchScreen.storyboard in Resources */,
				957798C421627548003ECB02 /* Assets.xcassets in Resources */,
				957798C221627547003ECB02 /* Main.storyboard in Resources */,
			);
			runOnlyForDeploymentPostprocessing = 0;
		};
		957798CB21627548003ECB02 /* Resources */ = {
			isa = PBXResourcesBuildPhase;
			buildActionMask = 2147483647;
			files = (
			);
			runOnlyForDeploymentPostprocessing = 0;
		};
		957798D621627548003ECB02 /* Resources */ = {
			isa = PBXResourcesBuildPhase;
			buildActionMask = 2147483647;
			files = (
			);
			runOnlyForDeploymentPostprocessing = 0;
		};
/* End PBXResourcesBuildPhase section */

/* Begin PBXShellScriptBuildPhase section */
		957798EB21627D59003ECB02 /* Swift Lint */ = {
			isa = PBXShellScriptBuildPhase;
			buildActionMask = 2147483647;
			files = (
			);
			inputFileListPaths = (
			);
			inputPaths = (
			);
			name = "Swift Lint";
			outputFileListPaths = (
			);
			outputPaths = (
			);
			runOnlyForDeploymentPostprocessing = 0;
			shellPath = /bin/sh;
			shellScript = "# Type a script or drag a script file from your workspace to insert its path.\n\"${PODS_ROOT}/SwiftLint/swiftlint\"\n";
		};
		DA1AE2E21C553555BD374549 /* [CP] Check Pods Manifest.lock */ = {
			isa = PBXShellScriptBuildPhase;
			buildActionMask = 2147483647;
			files = (
			);
			inputPaths = (
				"${PODS_PODFILE_DIR_PATH}/Podfile.lock",
				"${PODS_ROOT}/Manifest.lock",
			);
			name = "[CP] Check Pods Manifest.lock";
			outputPaths = (
				"$(DERIVED_FILE_DIR)/Pods-RxSwiftVenezuela-checkManifestLockResult.txt",
			);
			runOnlyForDeploymentPostprocessing = 0;
			shellPath = /bin/sh;
			shellScript = "diff \"${PODS_PODFILE_DIR_PATH}/Podfile.lock\" \"${PODS_ROOT}/Manifest.lock\" > /dev/null\nif [ $? != 0 ] ; then\n    # print error to STDERR\n    echo \"error: The sandbox is not in sync with the Podfile.lock. Run 'pod install' or update your CocoaPods installation.\" >&2\n    exit 1\nfi\n# This output is used by Xcode 'outputs' to avoid re-running this script phase.\necho \"SUCCESS\" > \"${SCRIPT_OUTPUT_FILE_0}\"\n";
			showEnvVarsInLog = 0;
		};
		EAB20C7B206B5A1D7F785DE2 /* [CP] Check Pods Manifest.lock */ = {
			isa = PBXShellScriptBuildPhase;
			buildActionMask = 2147483647;
			files = (
			);
			inputPaths = (
				"${PODS_PODFILE_DIR_PATH}/Podfile.lock",
				"${PODS_ROOT}/Manifest.lock",
			);
			name = "[CP] Check Pods Manifest.lock";
			outputPaths = (
				"$(DERIVED_FILE_DIR)/Pods-RxSwiftVenezuela-Tests-RxSwiftVenezuelaUITests-checkManifestLockResult.txt",
			);
			runOnlyForDeploymentPostprocessing = 0;
			shellPath = /bin/sh;
			shellScript = "diff \"${PODS_PODFILE_DIR_PATH}/Podfile.lock\" \"${PODS_ROOT}/Manifest.lock\" > /dev/null\nif [ $? != 0 ] ; then\n    # print error to STDERR\n    echo \"error: The sandbox is not in sync with the Podfile.lock. Run 'pod install' or update your CocoaPods installation.\" >&2\n    exit 1\nfi\n# This output is used by Xcode 'outputs' to avoid re-running this script phase.\necho \"SUCCESS\" > \"${SCRIPT_OUTPUT_FILE_0}\"\n";
			showEnvVarsInLog = 0;
		};
		FE02D2389A3C486C5C81B87B /* [CP] Check Pods Manifest.lock */ = {
			isa = PBXShellScriptBuildPhase;
			buildActionMask = 2147483647;
			files = (
			);
			inputPaths = (
				"${PODS_PODFILE_DIR_PATH}/Podfile.lock",
				"${PODS_ROOT}/Manifest.lock",
			);
			name = "[CP] Check Pods Manifest.lock";
			outputPaths = (
				"$(DERIVED_FILE_DIR)/Pods-RxSwiftVenezuela-Tests-RxSwiftVenezuelaTests-checkManifestLockResult.txt",
			);
			runOnlyForDeploymentPostprocessing = 0;
			shellPath = /bin/sh;
			shellScript = "diff \"${PODS_PODFILE_DIR_PATH}/Podfile.lock\" \"${PODS_ROOT}/Manifest.lock\" > /dev/null\nif [ $? != 0 ] ; then\n    # print error to STDERR\n    echo \"error: The sandbox is not in sync with the Podfile.lock. Run 'pod install' or update your CocoaPods installation.\" >&2\n    exit 1\nfi\n# This output is used by Xcode 'outputs' to avoid re-running this script phase.\necho \"SUCCESS\" > \"${SCRIPT_OUTPUT_FILE_0}\"\n";
			showEnvVarsInLog = 0;
		};
/* End PBXShellScriptBuildPhase section */

/* Begin PBXSourcesBuildPhase section */
		957798B521627547003ECB02 /* Sources */ = {
			isa = PBXSourcesBuildPhase;
			buildActionMask = 2147483647;
			files = (
				957798BF21627547003ECB02 /* ViewController.swift in Sources */,
				957798BD21627547003ECB02 /* AppDelegate.swift in Sources */,
			);
			runOnlyForDeploymentPostprocessing = 0;
		};
		957798C921627548003ECB02 /* Sources */ = {
			isa = PBXSourcesBuildPhase;
			buildActionMask = 2147483647;
			files = (
				957798D221627548003ECB02 /* RxSwiftVenezuelaTests.swift in Sources */,
			);
			runOnlyForDeploymentPostprocessing = 0;
		};
		957798D421627548003ECB02 /* Sources */ = {
			isa = PBXSourcesBuildPhase;
			buildActionMask = 2147483647;
			files = (
				957798DD21627548003ECB02 /* RxSwiftVenezuelaUITests.swift in Sources */,
			);
			runOnlyForDeploymentPostprocessing = 0;
		};
/* End PBXSourcesBuildPhase section */

/* Begin PBXTargetDependency section */
		957798CF21627548003ECB02 /* PBXTargetDependency */ = {
			isa = PBXTargetDependency;
			target = 957798B821627547003ECB02 /* RxSwiftVenezuela */;
			targetProxy = 957798CE21627548003ECB02 /* PBXContainerItemProxy */;
		};
		957798DA21627548003ECB02 /* PBXTargetDependency */ = {
			isa = PBXTargetDependency;
			target = 957798B821627547003ECB02 /* RxSwiftVenezuela */;
			targetProxy = 957798D921627548003ECB02 /* PBXContainerItemProxy */;
		};
/* End PBXTargetDependency section */

/* Begin PBXVariantGroup section */
		957798C021627547003ECB02 /* Main.storyboard */ = {
			isa = PBXVariantGroup;
			children = (
				957798C121627547003ECB02 /* Base */,
			);
			name = Main.storyboard;
			sourceTree = "<group>";
		};
		957798C521627548003ECB02 /* LaunchScreen.storyboard */ = {
			isa = PBXVariantGroup;
			children = (
				957798C621627548003ECB02 /* Base */,
			);
			name = LaunchScreen.storyboard;
			sourceTree = "<group>";
		};
/* End PBXVariantGroup section */

/* Begin XCBuildConfiguration section */
		957798DF21627548003ECB02 /* Debug */ = {
			isa = XCBuildConfiguration;
			buildSettings = {
				ALWAYS_SEARCH_USER_PATHS = NO;
				CLANG_ANALYZER_NONNULL = YES;
				CLANG_ANALYZER_NUMBER_OBJECT_CONVERSION = YES_AGGRESSIVE;
				CLANG_CXX_LANGUAGE_STANDARD = "gnu++14";
				CLANG_CXX_LIBRARY = "libc++";
				CLANG_ENABLE_MODULES = YES;
				CLANG_ENABLE_OBJC_ARC = YES;
				CLANG_ENABLE_OBJC_WEAK = YES;
				CLANG_WARN_BLOCK_CAPTURE_AUTORELEASING = YES;
				CLANG_WARN_BOOL_CONVERSION = YES;
				CLANG_WARN_COMMA = YES;
				CLANG_WARN_CONSTANT_CONVERSION = YES;
				CLANG_WARN_DEPRECATED_OBJC_IMPLEMENTATIONS = YES;
				CLANG_WARN_DIRECT_OBJC_ISA_USAGE = YES_ERROR;
				CLANG_WARN_DOCUMENTATION_COMMENTS = YES;
				CLANG_WARN_EMPTY_BODY = YES;
				CLANG_WARN_ENUM_CONVERSION = YES;
				CLANG_WARN_INFINITE_RECURSION = YES;
				CLANG_WARN_INT_CONVERSION = YES;
				CLANG_WARN_NON_LITERAL_NULL_CONVERSION = YES;
				CLANG_WARN_OBJC_IMPLICIT_RETAIN_SELF = YES;
				CLANG_WARN_OBJC_LITERAL_CONVERSION = YES;
				CLANG_WARN_OBJC_ROOT_CLASS = YES_ERROR;
				CLANG_WARN_RANGE_LOOP_ANALYSIS = YES;
				CLANG_WARN_STRICT_PROTOTYPES = YES;
				CLANG_WARN_SUSPICIOUS_MOVE = YES;
				CLANG_WARN_UNGUARDED_AVAILABILITY = YES_AGGRESSIVE;
				CLANG_WARN_UNREACHABLE_CODE = YES;
				CLANG_WARN__DUPLICATE_METHOD_MATCH = YES;
				CODE_SIGN_IDENTITY = "iPhone Developer";
				COPY_PHASE_STRIP = NO;
				DEBUG_INFORMATION_FORMAT = dwarf;
				ENABLE_STRICT_OBJC_MSGSEND = YES;
				ENABLE_TESTABILITY = YES;
				GCC_C_LANGUAGE_STANDARD = gnu11;
				GCC_DYNAMIC_NO_PIC = NO;
				GCC_NO_COMMON_BLOCKS = YES;
				GCC_OPTIMIZATION_LEVEL = 0;
				GCC_PREPROCESSOR_DEFINITIONS = (
					"DEBUG=1",
					"$(inherited)",
				);
				GCC_WARN_64_TO_32_BIT_CONVERSION = YES;
				GCC_WARN_ABOUT_RETURN_TYPE = YES_ERROR;
				GCC_WARN_UNDECLARED_SELECTOR = YES;
				GCC_WARN_UNINITIALIZED_AUTOS = YES_AGGRESSIVE;
				GCC_WARN_UNUSED_FUNCTION = YES;
				GCC_WARN_UNUSED_VARIABLE = YES;
				IPHONEOS_DEPLOYMENT_TARGET = 12.0;
				MTL_ENABLE_DEBUG_INFO = INCLUDE_SOURCE;
				MTL_FAST_MATH = YES;
				ONLY_ACTIVE_ARCH = YES;
				SDKROOT = iphoneos;
				SWIFT_ACTIVE_COMPILATION_CONDITIONS = DEBUG;
				SWIFT_OPTIMIZATION_LEVEL = "-Onone";
			};
			name = Debug;
		};
		957798E021627548003ECB02 /* Release */ = {
			isa = XCBuildConfiguration;
			buildSettings = {
				ALWAYS_SEARCH_USER_PATHS = NO;
				CLANG_ANALYZER_NONNULL = YES;
				CLANG_ANALYZER_NUMBER_OBJECT_CONVERSION = YES_AGGRESSIVE;
				CLANG_CXX_LANGUAGE_STANDARD = "gnu++14";
				CLANG_CXX_LIBRARY = "libc++";
				CLANG_ENABLE_MODULES = YES;
				CLANG_ENABLE_OBJC_ARC = YES;
				CLANG_ENABLE_OBJC_WEAK = YES;
				CLANG_WARN_BLOCK_CAPTURE_AUTORELEASING = YES;
				CLANG_WARN_BOOL_CONVERSION = YES;
				CLANG_WARN_COMMA = YES;
				CLANG_WARN_CONSTANT_CONVERSION = YES;
				CLANG_WARN_DEPRECATED_OBJC_IMPLEMENTATIONS = YES;
				CLANG_WARN_DIRECT_OBJC_ISA_USAGE = YES_ERROR;
				CLANG_WARN_DOCUMENTATION_COMMENTS = YES;
				CLANG_WARN_EMPTY_BODY = YES;
				CLANG_WARN_ENUM_CONVERSION = YES;
				CLANG_WARN_INFINITE_RECURSION = YES;
				CLANG_WARN_INT_CONVERSION = YES;
				CLANG_WARN_NON_LITERAL_NULL_CONVERSION = YES;
				CLANG_WARN_OBJC_IMPLICIT_RETAIN_SELF = YES;
				CLANG_WARN_OBJC_LITERAL_CONVERSION = YES;
				CLANG_WARN_OBJC_ROOT_CLASS = YES_ERROR;
				CLANG_WARN_RANGE_LOOP_ANALYSIS = YES;
				CLANG_WARN_STRICT_PROTOTYPES = YES;
				CLANG_WARN_SUSPICIOUS_MOVE = YES;
				CLANG_WARN_UNGUARDED_AVAILABILITY = YES_AGGRESSIVE;
				CLANG_WARN_UNREACHABLE_CODE = YES;
				CLANG_WARN__DUPLICATE_METHOD_MATCH = YES;
				CODE_SIGN_IDENTITY = "iPhone Developer";
				COPY_PHASE_STRIP = NO;
				DEBUG_INFORMATION_FORMAT = "dwarf-with-dsym";
				ENABLE_NS_ASSERTIONS = NO;
				ENABLE_STRICT_OBJC_MSGSEND = YES;
				GCC_C_LANGUAGE_STANDARD = gnu11;
				GCC_NO_COMMON_BLOCKS = YES;
				GCC_WARN_64_TO_32_BIT_CONVERSION = YES;
				GCC_WARN_ABOUT_RETURN_TYPE = YES_ERROR;
				GCC_WARN_UNDECLARED_SELECTOR = YES;
				GCC_WARN_UNINITIALIZED_AUTOS = YES_AGGRESSIVE;
				GCC_WARN_UNUSED_FUNCTION = YES;
				GCC_WARN_UNUSED_VARIABLE = YES;
				IPHONEOS_DEPLOYMENT_TARGET = 12.0;
				MTL_ENABLE_DEBUG_INFO = NO;
				MTL_FAST_MATH = YES;
				SDKROOT = iphoneos;
				SWIFT_COMPILATION_MODE = wholemodule;
				SWIFT_OPTIMIZATION_LEVEL = "-O";
				VALIDATE_PRODUCT = YES;
			};
			name = Release;
		};
		957798E221627548003ECB02 /* Debug */ = {
			isa = XCBuildConfiguration;
			baseConfigurationReference = F75918F478BFCB5BD96B4F27 /* Pods-RxSwiftVenezuela.debug.xcconfig */;
			buildSettings = {
				ASSETCATALOG_COMPILER_APPICON_NAME = AppIcon;
				CODE_SIGN_STYLE = Automatic;
				DEVELOPMENT_TEAM = MEKB2ZMJ78;
				INFOPLIST_FILE = RxSwiftVenezuela/Info.plist;
				LD_RUNPATH_SEARCH_PATHS = (
					"$(inherited)",
					"@executable_path/Frameworks",
				);
				PRODUCT_BUNDLE_IDENTIFIER = com.VenganzaCorp.RxSwiftVenezuela;
				PRODUCT_NAME = "$(TARGET_NAME)";
				SWIFT_VERSION = 4.2;
				TARGETED_DEVICE_FAMILY = "1,2";
			};
			name = Debug;
		};
		957798E321627548003ECB02 /* Release */ = {
			isa = XCBuildConfiguration;
			baseConfigurationReference = FC6CDB88F2E3D6FB25A4652E /* Pods-RxSwiftVenezuela.release.xcconfig */;
			buildSettings = {
				ASSETCATALOG_COMPILER_APPICON_NAME = AppIcon;
				CODE_SIGN_STYLE = Automatic;
				DEVELOPMENT_TEAM = MEKB2ZMJ78;
				INFOPLIST_FILE = RxSwiftVenezuela/Info.plist;
				LD_RUNPATH_SEARCH_PATHS = (
					"$(inherited)",
					"@executable_path/Frameworks",
				);
				PRODUCT_BUNDLE_IDENTIFIER = com.VenganzaCorp.RxSwiftVenezuela;
				PRODUCT_NAME = "$(TARGET_NAME)";
				SWIFT_VERSION = 4.2;
				TARGETED_DEVICE_FAMILY = "1,2";
			};
			name = Release;
		};
		957798E521627548003ECB02 /* Debug */ = {
			isa = XCBuildConfiguration;
			baseConfigurationReference = 116D89DF21D44E20366CB78C /* Pods-RxSwiftVenezuela-Tests-RxSwiftVenezuelaTests.debug.xcconfig */;
			buildSettings = {
				ALWAYS_EMBED_SWIFT_STANDARD_LIBRARIES = YES;
				BUNDLE_LOADER = "$(TEST_HOST)";
				CODE_SIGN_STYLE = Automatic;
				DEVELOPMENT_TEAM = MEKB2ZMJ78;
				INFOPLIST_FILE = RxSwiftVenezuelaTests/Info.plist;
				LD_RUNPATH_SEARCH_PATHS = (
					"$(inherited)",
					"@executable_path/Frameworks",
					"@loader_path/Frameworks",
				);
				PRODUCT_BUNDLE_IDENTIFIER = com.VenganzaCorp.RxSwiftVenezuelaTests;
				PRODUCT_NAME = "$(TARGET_NAME)";
				SWIFT_VERSION = 4.2;
				TARGETED_DEVICE_FAMILY = "1,2";
				TEST_HOST = "$(BUILT_PRODUCTS_DIR)/RxSwiftVenezuela.app/RxSwiftVenezuela";
			};
			name = Debug;
		};
		957798E621627548003ECB02 /* Release */ = {
			isa = XCBuildConfiguration;
			baseConfigurationReference = 59508F56769FC02C85150E89 /* Pods-RxSwiftVenezuela-Tests-RxSwiftVenezuelaTests.release.xcconfig */;
			buildSettings = {
				ALWAYS_EMBED_SWIFT_STANDARD_LIBRARIES = YES;
				BUNDLE_LOADER = "$(TEST_HOST)";
				CODE_SIGN_STYLE = Automatic;
				DEVELOPMENT_TEAM = MEKB2ZMJ78;
				INFOPLIST_FILE = RxSwiftVenezuelaTests/Info.plist;
				LD_RUNPATH_SEARCH_PATHS = (
					"$(inherited)",
					"@executable_path/Frameworks",
					"@loader_path/Frameworks",
				);
				PRODUCT_BUNDLE_IDENTIFIER = com.VenganzaCorp.RxSwiftVenezuelaTests;
				PRODUCT_NAME = "$(TARGET_NAME)";
				SWIFT_VERSION = 4.2;
				TARGETED_DEVICE_FAMILY = "1,2";
				TEST_HOST = "$(BUILT_PRODUCTS_DIR)/RxSwiftVenezuela.app/RxSwiftVenezuela";
			};
			name = Release;
		};
		957798E821627548003ECB02 /* Debug */ = {
			isa = XCBuildConfiguration;
			baseConfigurationReference = 38D7DEE02DAC964EBE9C740D /* Pods-RxSwiftVenezuela-Tests-RxSwiftVenezuelaUITests.debug.xcconfig */;
			buildSettings = {
				ALWAYS_EMBED_SWIFT_STANDARD_LIBRARIES = YES;
				CODE_SIGN_STYLE = Automatic;
				DEVELOPMENT_TEAM = MEKB2ZMJ78;
				INFOPLIST_FILE = RxSwiftVenezuelaUITests/Info.plist;
				LD_RUNPATH_SEARCH_PATHS = (
					"$(inherited)",
					"@executable_path/Frameworks",
					"@loader_path/Frameworks",
				);
				PRODUCT_BUNDLE_IDENTIFIER = com.VenganzaCorp.RxSwiftVenezuelaUITests;
				PRODUCT_NAME = "$(TARGET_NAME)";
				SWIFT_VERSION = 4.2;
				TARGETED_DEVICE_FAMILY = "1,2";
				TEST_TARGET_NAME = RxSwiftVenezuela;
			};
			name = Debug;
		};
		957798E921627548003ECB02 /* Release */ = {
			isa = XCBuildConfiguration;
			baseConfigurationReference = 56B83243610189795FA2D746 /* Pods-RxSwiftVenezuela-Tests-RxSwiftVenezuelaUITests.release.xcconfig */;
			buildSettings = {
				ALWAYS_EMBED_SWIFT_STANDARD_LIBRARIES = YES;
				CODE_SIGN_STYLE = Automatic;
				DEVELOPMENT_TEAM = MEKB2ZMJ78;
				INFOPLIST_FILE = RxSwiftVenezuelaUITests/Info.plist;
				LD_RUNPATH_SEARCH_PATHS = (
					"$(inherited)",
					"@executable_path/Frameworks",
					"@loader_path/Frameworks",
				);
				PRODUCT_BUNDLE_IDENTIFIER = com.VenganzaCorp.RxSwiftVenezuelaUITests;
				PRODUCT_NAME = "$(TARGET_NAME)";
				SWIFT_VERSION = 4.2;
				TARGETED_DEVICE_FAMILY = "1,2";
				TEST_TARGET_NAME = RxSwiftVenezuela;
			};
			name = Release;
		};
/* End XCBuildConfiguration section */

/* Begin XCConfigurationList section */
		957798B421627547003ECB02 /* Build configuration list for PBXProject "RxSwiftVenezuela" */ = {
			isa = XCConfigurationList;
			buildConfigurations = (
				957798DF21627548003ECB02 /* Debug */,
				957798E021627548003ECB02 /* Release */,
			);
			defaultConfigurationIsVisible = 0;
			defaultConfigurationName = Release;
		};
		957798E121627548003ECB02 /* Build configuration list for PBXNativeTarget "RxSwiftVenezuela" */ = {
			isa = XCConfigurationList;
			buildConfigurations = (
				957798E221627548003ECB02 /* Debug */,
				957798E321627548003ECB02 /* Release */,
			);
			defaultConfigurationIsVisible = 0;
			defaultConfigurationName = Release;
		};
		957798E421627548003ECB02 /* Build configuration list for PBXNativeTarget "RxSwiftVenezuelaTests" */ = {
			isa = XCConfigurationList;
			buildConfigurations = (
				957798E521627548003ECB02 /* Debug */,
				957798E621627548003ECB02 /* Release */,
			);
			defaultConfigurationIsVisible = 0;
			defaultConfigurationName = Release;
		};
		957798E721627548003ECB02 /* Build configuration list for PBXNativeTarget "RxSwiftVenezuelaUITests" */ = {
			isa = XCConfigurationList;
			buildConfigurations = (
				957798E821627548003ECB02 /* Debug */,
				957798E921627548003ECB02 /* Release */,
			);
			defaultConfigurationIsVisible = 0;
			defaultConfigurationName = Release;
		};
/* End XCConfigurationList section */
	};
	rootObject = 957798B121627547003ECB02 /* Project object */;
}
